# @generated - this file is auto-generated by `mise lock` https://mise.en.dev/dev-tools/mise-lock.html

[[tools.actionlint]]
version = "1.7.12"
backend = "aqua:rhysd/actionlint"

[tools.actionlint."platforms.linux-arm64"]
checksum = "sha256:325e971b6ba9bfa504672e29be93c24981eeb1c07576d730e9f7c8805afff0c6"
url = "https://github.com/rhysd/actionlint/releases/download/v1.7.12/actionlint_1.7.12_linux_arm64.tar.gz"
provenance = "github-attestations"

[tools.actionlint."platforms.linux-arm64-musl"]
checksum = "sha256:325e971b6ba9bfa504672e29be93c24981eeb1c07576d730e9f7c8805afff0c6"
url = "https://github.com/rhysd/actionlint/releases/download/v1.7.12/actionlint_1.7.12_linux_arm64.tar.gz"
provenance = "github-attestations"

[tools.actionlint."platforms.linux-x64"]
checksum = "sha256:8aca8db96f1b94770f1b0d72b6dddcb1ebb8123cb3712530b08cc387b349a3d8"
url = "https://github.com/rhysd/actionlint/releases/download/v1.7.12/actionlint_1.7.12_linux_amd64.tar.gz"
provenance = "github-attestations"

[tools.actionlint."platforms.linux-x64-musl"]
checksum = "sha256:8aca8db96f1b94770f1b0d72b6dddcb1ebb8123cb3712530b08cc387b349a3d8"
url = "https://github.com/rhysd/actionlint/releases/download/v1.7.12/actionlint_1.7.12_linux_amd64.tar.gz"
provenance = "github-attestations"

[tools.actionlint."platforms.macos-arm64"]
checksum = "sha256:aba9ced2dee8d27fecca3dc7feb1a7f9a52caefa1eb46f3271ea66b6e0e6953f"
url = "https://github.com/rhysd/actionlint/releases/download/v1.7.12/actionlint_1.7.12_darwin_arm64.tar.gz"
provenance = "github-attestations"

[tools.actionlint."platforms.macos-x64"]
checksum = "sha256:5b44c3bc2255115c9b69e30efc0fecdf498fdb63c5d58e17084fd5f16324c644"
url = "https://github.com/rhysd/actionlint/releases/download/v1.7.12/actionlint_1.7.12_darwin_amd64.tar.gz"
provenance = "github-attestations"

[tools.actionlint."platforms.windows-x64"]
checksum = "sha256:6e7241b51e6817ea6a047693d8e6fed13b31819c9a0dd6c5a726e1592d22f6e9"
url = "https://github.com/rhysd/actionlint/releases/download/v1.7.12/actionlint_1.7.12_windows_amd64.zip"
provenance = "github-attestations"

[[tools."aqua:haskell/ghcup-hs"]]
version = "0.1.50.2"
backend = "aqua:haskell/ghcup-hs"

[tools."aqua:haskell/ghcup-hs"."platforms.linux-arm64"]
url = "https://downloads.haskell.org/~ghcup/0.1.50.2/aarch64-linux-ghcup-0.1.50.2"

[tools."aqua:haskell/ghcup-hs"."platforms.linux-arm64-musl"]
url = "https://downloads.haskell.org/~ghcup/0.1.50.2/aarch64-linux-ghcup-0.1.50.2"

[tools."aqua:haskell/ghcup-hs"."platforms.linux-x64"]
url = "https://downloads.haskell.org/~ghcup/0.1.50.2/x86_64-linux-ghcup-0.1.50.2"

[tools."aqua:haskell/ghcup-hs"."platforms.linux-x64-musl"]
url = "https://downloads.haskell.org/~ghcup/0.1.50.2/x86_64-linux-ghcup-0.1.50.2"

[tools."aqua:haskell/ghcup-hs"."platforms.macos-arm64"]
checksum = "blake3:a0f97cd68de8c688a022014cff40cdfec8673862145da7b40ffd40039b87b594"
url = "https://downloads.haskell.org/~ghcup/0.1.50.2/aarch64-apple-darwin-ghcup-0.1.50.2"

[tools."aqua:haskell/ghcup-hs"."platforms.macos-x64"]
url = "https://downloads.haskell.org/~ghcup/0.1.50.2/x86_64-apple-darwin-ghcup-0.1.50.2"

[[tools.hk]]
version = "1.41.0"
backend = "aqua:jdx/hk"

[tools.hk."platforms.linux-arm64"]
checksum = "sha256:d67d3f870d37355fbb66011780113c70e9a70c505a4f0fe7d9b44639442b4fc7"
url = "https://github.com/jdx/hk/releases/download/v1.41.0/hk-aarch64-unknown-linux-gnu.tar.gz"

[tools.hk."platforms.linux-arm64-musl"]
checksum = "sha256:d67d3f870d37355fbb66011780113c70e9a70c505a4f0fe7d9b44639442b4fc7"
url = "https://github.com/jdx/hk/releases/download/v1.41.0/hk-aarch64-unknown-linux-gnu.tar.gz"

[tools.hk."platforms.linux-x64"]
checksum = "sha256:b49eebf571c3aa68bc02940114082b0bdf9e9828c8f224d478001fb7b865898b"
url = "https://github.com/jdx/hk/releases/download/v1.41.0/hk-x86_64-unknown-linux-gnu.tar.gz"

[tools.hk."platforms.linux-x64-musl"]
checksum = "sha256:b49eebf571c3aa68bc02940114082b0bdf9e9828c8f224d478001fb7b865898b"
url = "https://github.com/jdx/hk/releases/download/v1.41.0/hk-x86_64-unknown-linux-gnu.tar.gz"

[tools.hk."platforms.macos-arm64"]
checksum = "sha256:25c9e973993c1607247e97ec558d747483ab4c48380485d69ea617161939544c"
url = "https://github.com/jdx/hk/releases/download/v1.41.0/hk-aarch64-apple-darwin.tar.gz"

[tools.hk."platforms.windows-x64"]
checksum = "sha256:b3851965af1c570ca670710a82e1cce85213dc0b182336c90d031cff8f2e0dd5"
url = "https://github.com/jdx/hk/releases/download/v1.41.0/hk-x86_64-pc-windows-msvc.zip"

[[tools.lua]]
version = "5.4.8"
backend = "vfox:mise-plugins/vfox-lua"

[tools.lua."platforms.linux-arm64"]
url = "https://www.lua.org/ftp/lua-5.4.8.tar.gz"

[tools.lua."platforms.linux-arm64-musl"]
url = "https://www.lua.org/ftp/lua-5.4.8.tar.gz"

[tools.lua."platforms.linux-x64"]
url = "https://www.lua.org/ftp/lua-5.4.8.tar.gz"

[tools.lua."platforms.linux-x64-musl"]
url = "https://www.lua.org/ftp/lua-5.4.8.tar.gz"

[tools.lua."platforms.macos-arm64"]
url = "https://www.lua.org/ftp/lua-5.4.8.tar.gz"

[tools.lua."platforms.macos-x64"]
url = "https://www.lua.org/ftp/lua-5.4.8.tar.gz"

[tools.lua."platforms.windows-x64"]
url = "https://www.lua.org/ftp/lua-5.4.8.tar.gz"

[[tools.lua-language-server]]
version = "3.18.0"
backend = "aqua:LuaLS/lua-language-server"

[tools.lua-language-server."platforms.linux-arm64"]
checksum = "sha256:dc04ef175525cb2ee2f8348280ceffcd4dbb284c9143db2434168e0740adf44a"
url = "https://github.com/LuaLS/lua-language-server/releases/download/3.18.0/lua-language-server-3.18.0-linux-arm64.tar.gz"

[tools.lua-language-server."platforms.linux-arm64-musl"]
checksum = "sha256:dc04ef175525cb2ee2f8348280ceffcd4dbb284c9143db2434168e0740adf44a"
url = "https://github.com/LuaLS/lua-language-server/releases/download/3.18.0/lua-language-server-3.18.0-linux-arm64.tar.gz"

[tools.lua-language-server."platforms.linux-x64"]
checksum = "sha256:21ddc896959f1ea60fa37562535774ec32a23c2cb1e01953a6bb3567a2f8162a"
url = "https://github.com/LuaLS/lua-language-server/releases/download/3.18.0/lua-language-server-3.18.0-linux-x64.tar.gz"

[tools.lua-language-server."platforms.linux-x64-musl"]
checksum = "sha256:21ddc896959f1ea60fa37562535774ec32a23c2cb1e01953a6bb3567a2f8162a"
url = "https://github.com/LuaLS/lua-language-server/releases/download/3.18.0/lua-language-server-3.18.0-linux-x64.tar.gz"

[tools.lua-language-server."platforms.macos-arm64"]
checksum = "sha256:7b01a8301dfb1fbe4666f407067c5553fd8f62f8b9591e56927b964f1d10ae4c"
url = "https://github.com/LuaLS/lua-language-server/releases/download/3.18.0/lua-language-server-3.18.0-darwin-arm64.tar.gz"

[tools.lua-language-server."platforms.macos-x64"]
checksum = "sha256:331556f9ca35d258e42abcd59541f98b47be6f4c2e2628b833edc23b5e55bfd6"
url = "https://github.com/LuaLS/lua-language-server/releases/download/3.18.0/lua-language-server-3.18.0-darwin-x64.tar.gz"

[tools.lua-language-server."platforms.windows-x64"]
checksum = "sha256:bdc0f5062ca0812d6ae6cd8f6aaa2bd3ef72af895dbfe255f46a30ce074d0f52"
url = "https://github.com/LuaLS/lua-language-server/releases/download/3.18.0/lua-language-server-3.18.0-win32-x64.zip"

[[tools.pkl]]
version = "0.31.1"
backend = "aqua:apple/pkl"

[tools.pkl."platforms.linux-arm64"]
checksum = "sha256:7ef10e743daa921fb94ae7bdb9ec6986f362bf250c55814b9ea2aeb13f2d083e"
url = "https://github.com/apple/pkl/releases/download/0.31.1/pkl-linux-aarch64"

[tools.pkl."platforms.linux-arm64-musl"]
checksum = "sha256:7ef10e743daa921fb94ae7bdb9ec6986f362bf250c55814b9ea2aeb13f2d083e"
url = "https://github.com/apple/pkl/releases/download/0.31.1/pkl-linux-aarch64"

[tools.pkl."platforms.linux-x64"]
checksum = "sha256:618f13955d755cafbfe8c9cba1d27635848cd49dbc6abffd398d2751db1231bf"
url = "https://github.com/apple/pkl/releases/download/0.31.1/pkl-linux-amd64"

[tools.pkl."platforms.linux-x64-musl"]
checksum = "sha256:618f13955d755cafbfe8c9cba1d27635848cd49dbc6abffd398d2751db1231bf"
url = "https://github.com/apple/pkl/releases/download/0.31.1/pkl-linux-amd64"

[tools.pkl."platforms.macos-arm64"]
checksum = "sha256:1b6a5438d9624cd2798a7530721bbbfa27ef72efe5c878a1b6c546c6e7ca0e8f"
url = "https://github.com/apple/pkl/releases/download/0.31.1/pkl-macos-aarch64"

[tools.pkl."platforms.macos-x64"]
checksum = "sha256:22123ed4ae4c03afa8c54c69f77f0bec39b0fa0f67b09d6d148e0a376a2a471d"
url = "https://github.com/apple/pkl/releases/download/0.31.1/pkl-macos-amd64"

[tools.pkl."platforms.windows-x64"]
checksum = "sha256:a8834481667325b44c539dbb758d7365a16389070f343c04b639bbe525ede013"
url = "https://github.com/apple/pkl/releases/download/0.31.1/pkl-windows-amd64.exe"

[[tools.stylua]]
version = "2.4.0"
backend = "aqua:JohnnyMorganz/StyLua"

[tools.stylua."platforms.linux-arm64"]
checksum = "sha256:67bbd6ad4d864ab375babdd125ed926183968f5b6e55d7e0a6f9f425511a5408"
url = "https://github.com/JohnnyMorganz/StyLua/releases/download/v2.4.0/stylua-linux-aarch64.zip"

[tools.stylua."platforms.linux-arm64-musl"]
checksum = "sha256:371571d660af200a6b0ef1290f31984e8887bbfde6f574543b6c5da2bdc021e5"
url = "https://github.com/JohnnyMorganz/StyLua/releases/download/v2.4.0/stylua-linux-aarch64-musl.zip"

[tools.stylua."platforms.linux-x64"]
checksum = "sha256:b71f09c26ee59bf4d5dcacdd8c9a1bed64481f0bbf9fd5d5f37e83c4e7b684f4"
url = "https://github.com/JohnnyMorganz/StyLua/releases/download/v2.4.0/stylua-linux-x86_64-musl.zip"

[tools.stylua."platforms.linux-x64-musl"]
checksum = "sha256:b71f09c26ee59bf4d5dcacdd8c9a1bed64481f0bbf9fd5d5f37e83c4e7b684f4"
url = "https://github.com/JohnnyMorganz/StyLua/releases/download/v2.4.0/stylua-linux-x86_64-musl.zip"

[tools.stylua."platforms.macos-arm64"]
checksum = "sha256:ec74ecdc30ec15aefa15f65cc55d6f10f91f97dd30c39c4347954af849e3f248"
url = "https://github.com/JohnnyMorganz/StyLua/releases/download/v2.4.0/stylua-macos-aarch64.zip"

[tools.stylua."platforms.macos-x64"]
checksum = "sha256:bf2ce0a1431c39800cf19068ac50deec5c79e5fa99900cc99159de9c1af80254"
url = "https://github.com/JohnnyMorganz/StyLua/releases/download/v2.4.0/stylua-macos-x86_64.zip"

[tools.stylua."platforms.windows-x64"]
checksum = "sha256:3803853280cb524560c6ce0d4140f6d9f02e03f55e1ce50bb4f5e51e07565794"
url = "https://github.com/JohnnyMorganz/StyLua/releases/download/v2.4.0/stylua-windows-x86_64.zip"
